<Solution>
  <Configurations>
    <Platform Name="ARM64" />
    <Platform Name="x64" />
    <Platform Name="x86" />
  </Configurations>
  <Project Path="native/TestDLL/TestDLL.vcxproj" Id="f6c447b3-b705-4ff2-905e-6121e78909ff" />
  <Project Path="native/Wapi.vcxproj" Id="3e4c7d90-e9c0-4ec9-9386-f45cab493888" />
</Solution>
